
Microsoft Visual Studio Solution File, Format Version 12.00
# Visual Studio Version 16
VisualStudioVersion = 16.0.29613.14
MinimumVisualStudioVersion = 10.0.40219.1
Project("{FAE04EC0-301F-11D3-BF4B-00C04F79EFBC}") = "EasyPost.Light", "EasyPost.Light.csproj", "{8F19A61C-6A8F-41D1-8C1B-1258DEE42F73}"
EndProject
Global
	GlobalSection(SolutionConfigurationPlatforms) = preSolution
		Debug|Any CPU = Debug|Any CPU
		Release|Any CPU = Release|Any CPU
	EndGlobalSection
	GlobalSection(ProjectConfigurationPlatforms) = postSolution
		{8F19A61C-6A8F-41D1-8C1B-1258DEE42F73}.Debug|Any CPU.ActiveCfg = Debug|Any CPU
		{8F19A61C-6A8F-41D1-8C1B-1258DEE42F73}.Debug|Any CPU.Build.0 = Debug|Any CPU
		{8F19A61C-6A8F-41D1-8C1B-1258DEE42F73}.Release|Any CPU.ActiveCfg = Release|Any CPU
		{8F19A61C-6A8F-41D1-8C1B-1258DEE42F73}.Release|Any CPU.Build.0 = Release|Any CPU
	EndGlobalSection
	GlobalSection(SolutionProperties) = preSolution
		HideSolutionNode = FALSE
	EndGlobalSection
	GlobalSection(ExtensibilityGlobals) = postSolution
		SolutionGuid = {1A0E382A-4447-49FA-88AB-F9C76A354AA8}
	EndGlobalSection
EndGlobal
